
Microsoft Visual Studio Solution File, Format Version 12.00
# Visual Studio Version 17
VisualStudioVersion = 17.5.33424.131
MinimumVisualStudioVersion = 10.0.40219.1
Project("{2150E333-8FDC-42A3-9474-1A3956D46DE8}") = "src", "src", "{782C997F-BBB3-424E-BBE6-F13524DE070D}"
EndProject
Project("{2150E333-8FDC-42A3-9474-1A3956D46DE8}") = "tests", "tests", "{37F6A640-7F94-4B34-90B5-72CECA87F94A}"
EndProject
Project("{2150E333-8FDC-42A3-9474-1A3956D46DE8}") = "docs", "docs", "{7DFF27D6-7620-4698-A71D-D85CB09E726C}"
EndProject
Project("{2150E333-8FDC-42A3-9474-1A3956D46DE8}") = "solution items", "solution items", "{71895A4C-444A-4CC2-B181-735A417EB8A7}"
EndProject
Project("{2150E333-8FDC-42A3-9474-1A3956D46DE8}") = "ApiGateway", "ApiGateway", "{BEAF24C8-502F-455C-943C-68A56BFA730E}"
EndProject
Project("{2150E333-8FDC-42A3-9474-1A3956D46DE8}") = "Twitter", "Twitter", "{4BF754DE-249B-439D-AA7E-750E040E0E43}"
EndProject
Project("{2150E333-8FDC-42A3-9474-1A3956D46DE8}") = "WebApp", "WebApp", "{2633F908-6510-4542-B1BF-AA31C7C2C867}"
EndProject
Project("{9A19103F-16F7-4668-BE54-9A1E7A4F7556}") = "OcelotApiGateway", "src\ApiGateway\OcelotApiGateway\OcelotApiGateway.csproj", "{5D1BB7DE-7C1C-4571-81E1-A3FD51E6BB8F}"
EndProject
Project("{2150E333-8FDC-42A3-9474-1A3956D46DE8}") = "BuldingBlocks", "BuldingBlocks", "{A840EC96-0678-4084-A651-934372DCE9BF}"
EndProject
Project("{2150E333-8FDC-42A3-9474-1A3956D46DE8}") = "Twitter.MessageQueue", "Twitter.MessageQueue", "{31AC5CAB-AD7B-40A8-AD7A-42FB42B41FA2}"
EndProject
Project("{9A19103F-16F7-4668-BE54-9A1E7A4F7556}") = "EventBus.Messages", "src\BuldingBlocks\Twitter.MessageQueue\EventBus.Messages\EventBus.Messages.csproj", "{7FF45A3C-8526-445D-A7A0-2EAF7A800FF5}"
EndProject
Project("{2150E333-8FDC-42A3-9474-1A3956D46DE8}") = "Worker", "Worker", "{CDDB1CE9-9157-46CB-BEDC-FC25514300DB}"
EndProject
Project("{9A19103F-16F7-4668-BE54-9A1E7A4F7556}") = "Twitter.Worker", "src\Worker\Twitter.Worker\Twitter.Worker.csproj", "{E74AA9EB-7FED-459C-AF38-CEFD4DE36F96}"
EndProject
Project("{54A90642-561A-4BB1-A94E-469ADEE60C69}") = "Twitter.WebApp", "src\Twitter\WebApp\Twitter.WebApp\Twitter.WebApp.esproj", "{6129F594-B1D3-4F17-9E4A-C93836BFA0E7}"
EndProject
Project("{2150E333-8FDC-42A3-9474-1A3956D46DE8}") = "UserService", "UserService", "{2B699118-F6DF-4E15-AD5D-2AD320551F95}"
EndProject
Project("{2150E333-8FDC-42A3-9474-1A3956D46DE8}") = "AnalyticsService", "AnalyticsService", "{75E5E56F-2A65-4CFA-9161-F2EA473C0EC8}"
EndProject
Project("{2150E333-8FDC-42A3-9474-1A3956D46DE8}") = "NewsfeedService", "NewsfeedService", "{F96A6374-1420-49A8-A6FD-0EC5250CED39}"
EndProject
Project("{2150E333-8FDC-42A3-9474-1A3956D46DE8}") = "NotificationService", "NotificationService", "{914CDB14-3D3C-4140-A779-1CBEA514545B}"
EndProject
Project("{2150E333-8FDC-42A3-9474-1A3956D46DE8}") = "SearchService", "SearchService", "{4052A851-E99F-43C8-94D0-CF4B5CC01DE2}"
EndProject
Project("{2150E333-8FDC-42A3-9474-1A3956D46DE8}") = "TweetService", "TweetService", "{3C400391-1DF9-45E6-9EAA-010976695D40}"
EndProject
Project("{2150E333-8FDC-42A3-9474-1A3956D46DE8}") = "User", "User", "{710AB0FD-F556-4838-9114-3BDB8811EACD}"
EndProject
Project("{2150E333-8FDC-42A3-9474-1A3956D46DE8}") = "Services", "Services", "{D33C501C-02CC-412F-A14E-615C7B0BC30D}"
EndProject
Project("{2150E333-8FDC-42A3-9474-1A3956D46DE8}") = "Notification", "Notification", "{D3A2C0F8-C9C4-4D10-881B-FE5CFEDF4557}"
EndProject
Project("{2150E333-8FDC-42A3-9474-1A3956D46DE8}") = "Newsfeed", "Newsfeed", "{EAD987BF-9054-4D88-9485-470F49E7ABF5}"
EndProject
Project("{2150E333-8FDC-42A3-9474-1A3956D46DE8}") = "Tweet", "Tweet", "{D74CA284-C459-4C44-B641-6ACF33126E1D}"
EndProject
Project("{2150E333-8FDC-42A3-9474-1A3956D46DE8}") = "Search", "Search", "{38382473-AC34-48B2-98CA-30D5F264F93A}"
EndProject
Project("{2150E333-8FDC-42A3-9474-1A3956D46DE8}") = "Analytics", "Analytics", "{F78B00A2-23D2-4A5E-985A-E84711D8EBC7}"
EndProject
Project("{FAE04EC0-301F-11D3-BF4B-00C04F79EFBC}") = "Tweet.API.Server", "src\Twitter\Services\Tweet\Tweet.API.Server\Tweet.API.Server.csproj", "{CE3839C2-1E96-4F82-9E7F-E07715EAB818}"
EndProject
Project("{FAE04EC0-301F-11D3-BF4B-00C04F79EFBC}") = "Search.API.Server", "src\Twitter\Services\Search.API.Server\Search.API.Server.csproj", "{A57D9C9E-4A2D-4626-AE7A-368EE7D29A60}"
EndProject
Global
	GlobalSection(SolutionConfigurationPlatforms) = preSolution
		Debug|Any CPU = Debug|Any CPU
		Release|Any CPU = Release|Any CPU
	EndGlobalSection
	GlobalSection(ProjectConfigurationPlatforms) = postSolution
		{5D1BB7DE-7C1C-4571-81E1-A3FD51E6BB8F}.Debug|Any CPU.ActiveCfg = Debug|Any CPU
		{5D1BB7DE-7C1C-4571-81E1-A3FD51E6BB8F}.Debug|Any CPU.Build.0 = Debug|Any CPU
		{5D1BB7DE-7C1C-4571-81E1-A3FD51E6BB8F}.Release|Any CPU.ActiveCfg = Release|Any CPU
		{5D1BB7DE-7C1C-4571-81E1-A3FD51E6BB8F}.Release|Any CPU.Build.0 = Release|Any CPU
		{7FF45A3C-8526-445D-A7A0-2EAF7A800FF5}.Debug|Any CPU.ActiveCfg = Debug|Any CPU
		{7FF45A3C-8526-445D-A7A0-2EAF7A800FF5}.Debug|Any CPU.Build.0 = Debug|Any CPU
		{7FF45A3C-8526-445D-A7A0-2EAF7A800FF5}.Release|Any CPU.ActiveCfg = Release|Any CPU
		{7FF45A3C-8526-445D-A7A0-2EAF7A800FF5}.Release|Any CPU.Build.0 = Release|Any CPU
		{E74AA9EB-7FED-459C-AF38-CEFD4DE36F96}.Debug|Any CPU.ActiveCfg = Debug|Any CPU
		{E74AA9EB-7FED-459C-AF38-CEFD4DE36F96}.Debug|Any CPU.Build.0 = Debug|Any CPU
		{E74AA9EB-7FED-459C-AF38-CEFD4DE36F96}.Release|Any CPU.ActiveCfg = Release|Any CPU
		{E74AA9EB-7FED-459C-AF38-CEFD4DE36F96}.Release|Any CPU.Build.0 = Release|Any CPU
		{6129F594-B1D3-4F17-9E4A-C93836BFA0E7}.Debug|Any CPU.ActiveCfg = Debug|Any CPU
		{6129F594-B1D3-4F17-9E4A-C93836BFA0E7}.Debug|Any CPU.Build.0 = Debug|Any CPU
		{6129F594-B1D3-4F17-9E4A-C93836BFA0E7}.Debug|Any CPU.Deploy.0 = Debug|Any CPU
		{6129F594-B1D3-4F17-9E4A-C93836BFA0E7}.Release|Any CPU.ActiveCfg = Release|Any CPU
		{6129F594-B1D3-4F17-9E4A-C93836BFA0E7}.Release|Any CPU.Build.0 = Release|Any CPU
		{6129F594-B1D3-4F17-9E4A-C93836BFA0E7}.Release|Any CPU.Deploy.0 = Release|Any CPU
		{CE3839C2-1E96-4F82-9E7F-E07715EAB818}.Debug|Any CPU.ActiveCfg = Debug|Any CPU
		{CE3839C2-1E96-4F82-9E7F-E07715EAB818}.Debug|Any CPU.Build.0 = Debug|Any CPU
		{CE3839C2-1E96-4F82-9E7F-E07715EAB818}.Release|Any CPU.ActiveCfg = Release|Any CPU
		{CE3839C2-1E96-4F82-9E7F-E07715EAB818}.Release|Any CPU.Build.0 = Release|Any CPU
		{A57D9C9E-4A2D-4626-AE7A-368EE7D29A60}.Debug|Any CPU.ActiveCfg = Debug|Any CPU
		{A57D9C9E-4A2D-4626-AE7A-368EE7D29A60}.Debug|Any CPU.Build.0 = Debug|Any CPU
		{A57D9C9E-4A2D-4626-AE7A-368EE7D29A60}.Release|Any CPU.ActiveCfg = Release|Any CPU
		{A57D9C9E-4A2D-4626-AE7A-368EE7D29A60}.Release|Any CPU.Build.0 = Release|Any CPU
	EndGlobalSection
	GlobalSection(SolutionProperties) = preSolution
		HideSolutionNode = FALSE
	EndGlobalSection
	GlobalSection(NestedProjects) = preSolution
		{BEAF24C8-502F-455C-943C-68A56BFA730E} = {782C997F-BBB3-424E-BBE6-F13524DE070D}
		{4BF754DE-249B-439D-AA7E-750E040E0E43} = {782C997F-BBB3-424E-BBE6-F13524DE070D}
		{2633F908-6510-4542-B1BF-AA31C7C2C867} = {4BF754DE-249B-439D-AA7E-750E040E0E43}
		{5D1BB7DE-7C1C-4571-81E1-A3FD51E6BB8F} = {BEAF24C8-502F-455C-943C-68A56BFA730E}
		{A840EC96-0678-4084-A651-934372DCE9BF} = {782C997F-BBB3-424E-BBE6-F13524DE070D}
		{31AC5CAB-AD7B-40A8-AD7A-42FB42B41FA2} = {A840EC96-0678-4084-A651-934372DCE9BF}
		{7FF45A3C-8526-445D-A7A0-2EAF7A800FF5} = {31AC5CAB-AD7B-40A8-AD7A-42FB42B41FA2}
		{CDDB1CE9-9157-46CB-BEDC-FC25514300DB} = {782C997F-BBB3-424E-BBE6-F13524DE070D}
		{E74AA9EB-7FED-459C-AF38-CEFD4DE36F96} = {CDDB1CE9-9157-46CB-BEDC-FC25514300DB}
		{6129F594-B1D3-4F17-9E4A-C93836BFA0E7} = {2633F908-6510-4542-B1BF-AA31C7C2C867}
		{2B699118-F6DF-4E15-AD5D-2AD320551F95} = {37F6A640-7F94-4B34-90B5-72CECA87F94A}
		{75E5E56F-2A65-4CFA-9161-F2EA473C0EC8} = {37F6A640-7F94-4B34-90B5-72CECA87F94A}
		{F96A6374-1420-49A8-A6FD-0EC5250CED39} = {37F6A640-7F94-4B34-90B5-72CECA87F94A}
		{914CDB14-3D3C-4140-A779-1CBEA514545B} = {37F6A640-7F94-4B34-90B5-72CECA87F94A}
		{4052A851-E99F-43C8-94D0-CF4B5CC01DE2} = {37F6A640-7F94-4B34-90B5-72CECA87F94A}
		{3C400391-1DF9-45E6-9EAA-010976695D40} = {37F6A640-7F94-4B34-90B5-72CECA87F94A}
		{710AB0FD-F556-4838-9114-3BDB8811EACD} = {D33C501C-02CC-412F-A14E-615C7B0BC30D}
		{D33C501C-02CC-412F-A14E-615C7B0BC30D} = {4BF754DE-249B-439D-AA7E-750E040E0E43}
		{D3A2C0F8-C9C4-4D10-881B-FE5CFEDF4557} = {D33C501C-02CC-412F-A14E-615C7B0BC30D}
		{EAD987BF-9054-4D88-9485-470F49E7ABF5} = {D33C501C-02CC-412F-A14E-615C7B0BC30D}
		{D74CA284-C459-4C44-B641-6ACF33126E1D} = {D33C501C-02CC-412F-A14E-615C7B0BC30D}
		{38382473-AC34-48B2-98CA-30D5F264F93A} = {D33C501C-02CC-412F-A14E-615C7B0BC30D}
		{F78B00A2-23D2-4A5E-985A-E84711D8EBC7} = {D33C501C-02CC-412F-A14E-615C7B0BC30D}
		{CE3839C2-1E96-4F82-9E7F-E07715EAB818} = {D74CA284-C459-4C44-B641-6ACF33126E1D}
		{A57D9C9E-4A2D-4626-AE7A-368EE7D29A60} = {38382473-AC34-48B2-98CA-30D5F264F93A}
	EndGlobalSection
	GlobalSection(ExtensibilityGlobals) = postSolution
		SolutionGuid = {E22887F3-C1FF-4B64-A0C6-80C419100D13}
	EndGlobalSection
EndGlobal
