
Microsoft Visual Studio Solution File, Format Version 12.00
# Visual Studio Version 17
VisualStudioVersion = 17.5.33424.131
MinimumVisualStudioVersion = 10.0.40219.1
Project("{2150E333-8FDC-42A3-9474-1A3956D46DE8}") = "src", "src", "{782C997F-BBB3-424E-BBE6-F13524DE070D}"
EndProject
Project("{2150E333-8FDC-42A3-9474-1A3956D46DE8}") = "tests", "tests", "{37F6A640-7F94-4B34-90B5-72CECA87F94A}"
EndProject
Project("{2150E333-8FDC-42A3-9474-1A3956D46DE8}") = "docs", "docs", "{7DFF27D6-7620-4698-A71D-D85CB09E726C}"
EndProject
Project("{2150E333-8FDC-42A3-9474-1A3956D46DE8}") = "solution items", "solution items", "{71895A4C-444A-4CC2-B181-735A417EB8A7}"
EndProject
Project("{2150E333-8FDC-42A3-9474-1A3956D46DE8}") = "ApiGateway", "ApiGateway", "{BEAF24C8-502F-455C-943C-68A56BFA730E}"
EndProject
Project("{2150E333-8FDC-42A3-9474-1A3956D46DE8}") = "Twitter", "Twitter", "{4BF754DE-249B-439D-AA7E-750E040E0E43}"
EndProject
Project("{2150E333-8FDC-42A3-9474-1A3956D46DE8}") = "WebApp", "WebApp", "{2633F908-6510-4542-B1BF-AA31C7C2C867}"
EndProject
Project("{2150E333-8FDC-42A3-9474-1A3956D46DE8}") = "UserService", "UserService", "{2B28FC9E-A5D1-447A-B412-CB6CB62136DD}"
EndProject
Project("{2150E333-8FDC-42A3-9474-1A3956D46DE8}") = "NewsfeedService", "NewsfeedService", "{8A3F1E63-84B5-4D68-9722-7C09FBC31D0C}"
EndProject
Project("{2150E333-8FDC-42A3-9474-1A3956D46DE8}") = "TweetService", "TweetService", "{757BE975-F060-4C8C-B834-336EA8BE23B6}"
EndProject
Project("{2150E333-8FDC-42A3-9474-1A3956D46DE8}") = "SearchService", "SearchService", "{645A8522-AAA7-49B5-94B1-42FB15084FB0}"
EndProject
Project("{2150E333-8FDC-42A3-9474-1A3956D46DE8}") = "NotificationService", "NotificationService", "{AB9F8FC5-099C-496F-B1A0-CAC242D03964}"
EndProject
Project("{2150E333-8FDC-42A3-9474-1A3956D46DE8}") = "AnalyticsService", "AnalyticsService", "{CCD02474-8795-4A27-96AD-9C7908B5B4CC}"
EndProject
Project("{FAE04EC0-301F-11D3-BF4B-00C04F79EFBC}") = "OcelotApiGateway", "src\ApiGateway\OcelotApiGateway\OcelotApiGateway.csproj", "{5D1BB7DE-7C1C-4571-81E1-A3FD51E6BB8F}"
EndProject
Project("{2150E333-8FDC-42A3-9474-1A3956D46DE8}") = "BuldingBlocks", "BuldingBlocks", "{A840EC96-0678-4084-A651-934372DCE9BF}"
EndProject
Project("{2150E333-8FDC-42A3-9474-1A3956D46DE8}") = "Twitter.MessageQueue", "Twitter.MessageQueue", "{31AC5CAB-AD7B-40A8-AD7A-42FB42B41FA2}"
EndProject
Project("{FAE04EC0-301F-11D3-BF4B-00C04F79EFBC}") = "EventBus.Messages", "src\BuldingBlocks\Twitter.MessageQueue\EventBus.Messages\EventBus.Messages.csproj", "{7FF45A3C-8526-445D-A7A0-2EAF7A800FF5}"
EndProject
Project("{FAE04EC0-301F-11D3-BF4B-00C04F79EFBC}") = "Twitter.UserService", "src\Twitter\UserService\UserService\Twitter.UserService.csproj", "{C819B254-969A-40BA-8BF5-EED5DC652AD4}"
EndProject
Project("{FAE04EC0-301F-11D3-BF4B-00C04F79EFBC}") = "Twitter.TweetService", "src\Twitter\TweetService\Twitter.TweetService\Twitter.TweetService.csproj", "{D3552B90-9604-4555-8849-70C84D5EC4E1}"
EndProject
Project("{FAE04EC0-301F-11D3-BF4B-00C04F79EFBC}") = "Twitter.SearchService", "src\Twitter\SearchService\Twitter.SearchService\Twitter.SearchService.csproj", "{4F481BE2-F0AC-4CBE-9432-B571EDA09FA9}"
EndProject
Project("{FAE04EC0-301F-11D3-BF4B-00C04F79EFBC}") = "Twitter.NotificationService", "src\Twitter\NotificationService\Twitter.NotificationService\Twitter.NotificationService.csproj", "{A4224E58-8443-45A3-9AF8-06196A8518A5}"
EndProject
Project("{FAE04EC0-301F-11D3-BF4B-00C04F79EFBC}") = "Twitter.NewsfeedService", "src\Twitter\NewsfeedService\Twitter.NewsfeedService\Twitter.NewsfeedService.csproj", "{B3A9CF49-857B-4A90-A93E-CF06CACAB088}"
EndProject
Project("{FAE04EC0-301F-11D3-BF4B-00C04F79EFBC}") = "Twitter.AnalyticsService", "src\Twitter\AnalyticsService\Twitter.AnalyticsService\Twitter.AnalyticsService.csproj", "{567A762D-A9CE-4656-AE7B-2E87DE0777F6}"
EndProject
Project("{2150E333-8FDC-42A3-9474-1A3956D46DE8}") = "Worker", "Worker", "{CDDB1CE9-9157-46CB-BEDC-FC25514300DB}"
EndProject
Project("{FAE04EC0-301F-11D3-BF4B-00C04F79EFBC}") = "Twitter.Worker", "src\Worker\Twitter.Worker\Twitter.Worker.csproj", "{E74AA9EB-7FED-459C-AF38-CEFD4DE36F96}"
EndProject
Project("{54A90642-561A-4BB1-A94E-469ADEE60C69}") = "Twitter.WebApp", "src\Twitter\WebApp\Twitter.WebApp\Twitter.WebApp.esproj", "{6129F594-B1D3-4F17-9E4A-C93836BFA0E7}"
EndProject
Project("{2150E333-8FDC-42A3-9474-1A3956D46DE8}") = "IdentityService", "IdentityService", "{2704319E-6933-44F9-87C0-3C41158718D5}"
EndProject
Project("{FAE04EC0-301F-11D3-BF4B-00C04F79EFBC}") = "Twitter.IdentityService", "src\Twitter\IdentityService\Twitter.IdentityService\Twitter.IdentityService.csproj", "{735FCF9A-6A87-4A65-B671-D9F8AF4D93B8}"
EndProject
Global
	GlobalSection(SolutionConfigurationPlatforms) = preSolution
		Debug|Any CPU = Debug|Any CPU
		Release|Any CPU = Release|Any CPU
	EndGlobalSection
	GlobalSection(ProjectConfigurationPlatforms) = postSolution
		{5D1BB7DE-7C1C-4571-81E1-A3FD51E6BB8F}.Debug|Any CPU.ActiveCfg = Debug|Any CPU
		{5D1BB7DE-7C1C-4571-81E1-A3FD51E6BB8F}.Debug|Any CPU.Build.0 = Debug|Any CPU
		{5D1BB7DE-7C1C-4571-81E1-A3FD51E6BB8F}.Release|Any CPU.ActiveCfg = Release|Any CPU
		{5D1BB7DE-7C1C-4571-81E1-A3FD51E6BB8F}.Release|Any CPU.Build.0 = Release|Any CPU
		{7FF45A3C-8526-445D-A7A0-2EAF7A800FF5}.Debug|Any CPU.ActiveCfg = Debug|Any CPU
		{7FF45A3C-8526-445D-A7A0-2EAF7A800FF5}.Debug|Any CPU.Build.0 = Debug|Any CPU
		{7FF45A3C-8526-445D-A7A0-2EAF7A800FF5}.Release|Any CPU.ActiveCfg = Release|Any CPU
		{7FF45A3C-8526-445D-A7A0-2EAF7A800FF5}.Release|Any CPU.Build.0 = Release|Any CPU
		{C819B254-969A-40BA-8BF5-EED5DC652AD4}.Debug|Any CPU.ActiveCfg = Debug|Any CPU
		{C819B254-969A-40BA-8BF5-EED5DC652AD4}.Debug|Any CPU.Build.0 = Debug|Any CPU
		{C819B254-969A-40BA-8BF5-EED5DC652AD4}.Release|Any CPU.ActiveCfg = Release|Any CPU
		{C819B254-969A-40BA-8BF5-EED5DC652AD4}.Release|Any CPU.Build.0 = Release|Any CPU
		{D3552B90-9604-4555-8849-70C84D5EC4E1}.Debug|Any CPU.ActiveCfg = Debug|Any CPU
		{D3552B90-9604-4555-8849-70C84D5EC4E1}.Debug|Any CPU.Build.0 = Debug|Any CPU
		{D3552B90-9604-4555-8849-70C84D5EC4E1}.Release|Any CPU.ActiveCfg = Release|Any CPU
		{D3552B90-9604-4555-8849-70C84D5EC4E1}.Release|Any CPU.Build.0 = Release|Any CPU
		{4F481BE2-F0AC-4CBE-9432-B571EDA09FA9}.Debug|Any CPU.ActiveCfg = Debug|Any CPU
		{4F481BE2-F0AC-4CBE-9432-B571EDA09FA9}.Debug|Any CPU.Build.0 = Debug|Any CPU
		{4F481BE2-F0AC-4CBE-9432-B571EDA09FA9}.Release|Any CPU.ActiveCfg = Release|Any CPU
		{4F481BE2-F0AC-4CBE-9432-B571EDA09FA9}.Release|Any CPU.Build.0 = Release|Any CPU
		{A4224E58-8443-45A3-9AF8-06196A8518A5}.Debug|Any CPU.ActiveCfg = Debug|Any CPU
		{A4224E58-8443-45A3-9AF8-06196A8518A5}.Debug|Any CPU.Build.0 = Debug|Any CPU
		{A4224E58-8443-45A3-9AF8-06196A8518A5}.Release|Any CPU.ActiveCfg = Release|Any CPU
		{A4224E58-8443-45A3-9AF8-06196A8518A5}.Release|Any CPU.Build.0 = Release|Any CPU
		{B3A9CF49-857B-4A90-A93E-CF06CACAB088}.Debug|Any CPU.ActiveCfg = Debug|Any CPU
		{B3A9CF49-857B-4A90-A93E-CF06CACAB088}.Debug|Any CPU.Build.0 = Debug|Any CPU
		{B3A9CF49-857B-4A90-A93E-CF06CACAB088}.Release|Any CPU.ActiveCfg = Release|Any CPU
		{B3A9CF49-857B-4A90-A93E-CF06CACAB088}.Release|Any CPU.Build.0 = Release|Any CPU
		{567A762D-A9CE-4656-AE7B-2E87DE0777F6}.Debug|Any CPU.ActiveCfg = Debug|Any CPU
		{567A762D-A9CE-4656-AE7B-2E87DE0777F6}.Debug|Any CPU.Build.0 = Debug|Any CPU
		{567A762D-A9CE-4656-AE7B-2E87DE0777F6}.Release|Any CPU.ActiveCfg = Release|Any CPU
		{567A762D-A9CE-4656-AE7B-2E87DE0777F6}.Release|Any CPU.Build.0 = Release|Any CPU
		{E74AA9EB-7FED-459C-AF38-CEFD4DE36F96}.Debug|Any CPU.ActiveCfg = Debug|Any CPU
		{E74AA9EB-7FED-459C-AF38-CEFD4DE36F96}.Debug|Any CPU.Build.0 = Debug|Any CPU
		{E74AA9EB-7FED-459C-AF38-CEFD4DE36F96}.Release|Any CPU.ActiveCfg = Release|Any CPU
		{E74AA9EB-7FED-459C-AF38-CEFD4DE36F96}.Release|Any CPU.Build.0 = Release|Any CPU
		{6129F594-B1D3-4F17-9E4A-C93836BFA0E7}.Debug|Any CPU.ActiveCfg = Debug|Any CPU
		{6129F594-B1D3-4F17-9E4A-C93836BFA0E7}.Debug|Any CPU.Build.0 = Debug|Any CPU
		{6129F594-B1D3-4F17-9E4A-C93836BFA0E7}.Debug|Any CPU.Deploy.0 = Debug|Any CPU
		{6129F594-B1D3-4F17-9E4A-C93836BFA0E7}.Release|Any CPU.ActiveCfg = Release|Any CPU
		{6129F594-B1D3-4F17-9E4A-C93836BFA0E7}.Release|Any CPU.Build.0 = Release|Any CPU
		{6129F594-B1D3-4F17-9E4A-C93836BFA0E7}.Release|Any CPU.Deploy.0 = Release|Any CPU
		{735FCF9A-6A87-4A65-B671-D9F8AF4D93B8}.Debug|Any CPU.ActiveCfg = Debug|Any CPU
		{735FCF9A-6A87-4A65-B671-D9F8AF4D93B8}.Debug|Any CPU.Build.0 = Debug|Any CPU
		{735FCF9A-6A87-4A65-B671-D9F8AF4D93B8}.Release|Any CPU.ActiveCfg = Release|Any CPU
		{735FCF9A-6A87-4A65-B671-D9F8AF4D93B8}.Release|Any CPU.Build.0 = Release|Any CPU
	EndGlobalSection
	GlobalSection(SolutionProperties) = preSolution
		HideSolutionNode = FALSE
	EndGlobalSection
	GlobalSection(NestedProjects) = preSolution
		{BEAF24C8-502F-455C-943C-68A56BFA730E} = {782C997F-BBB3-424E-BBE6-F13524DE070D}
		{4BF754DE-249B-439D-AA7E-750E040E0E43} = {782C997F-BBB3-424E-BBE6-F13524DE070D}
		{2633F908-6510-4542-B1BF-AA31C7C2C867} = {4BF754DE-249B-439D-AA7E-750E040E0E43}
		{2B28FC9E-A5D1-447A-B412-CB6CB62136DD} = {4BF754DE-249B-439D-AA7E-750E040E0E43}
		{8A3F1E63-84B5-4D68-9722-7C09FBC31D0C} = {4BF754DE-249B-439D-AA7E-750E040E0E43}
		{757BE975-F060-4C8C-B834-336EA8BE23B6} = {4BF754DE-249B-439D-AA7E-750E040E0E43}
		{645A8522-AAA7-49B5-94B1-42FB15084FB0} = {4BF754DE-249B-439D-AA7E-750E040E0E43}
		{AB9F8FC5-099C-496F-B1A0-CAC242D03964} = {4BF754DE-249B-439D-AA7E-750E040E0E43}
		{CCD02474-8795-4A27-96AD-9C7908B5B4CC} = {4BF754DE-249B-439D-AA7E-750E040E0E43}
		{5D1BB7DE-7C1C-4571-81E1-A3FD51E6BB8F} = {BEAF24C8-502F-455C-943C-68A56BFA730E}
		{A840EC96-0678-4084-A651-934372DCE9BF} = {782C997F-BBB3-424E-BBE6-F13524DE070D}
		{31AC5CAB-AD7B-40A8-AD7A-42FB42B41FA2} = {A840EC96-0678-4084-A651-934372DCE9BF}
		{7FF45A3C-8526-445D-A7A0-2EAF7A800FF5} = {31AC5CAB-AD7B-40A8-AD7A-42FB42B41FA2}
		{C819B254-969A-40BA-8BF5-EED5DC652AD4} = {2B28FC9E-A5D1-447A-B412-CB6CB62136DD}
		{D3552B90-9604-4555-8849-70C84D5EC4E1} = {757BE975-F060-4C8C-B834-336EA8BE23B6}
		{4F481BE2-F0AC-4CBE-9432-B571EDA09FA9} = {645A8522-AAA7-49B5-94B1-42FB15084FB0}
		{A4224E58-8443-45A3-9AF8-06196A8518A5} = {AB9F8FC5-099C-496F-B1A0-CAC242D03964}
		{B3A9CF49-857B-4A90-A93E-CF06CACAB088} = {8A3F1E63-84B5-4D68-9722-7C09FBC31D0C}
		{567A762D-A9CE-4656-AE7B-2E87DE0777F6} = {CCD02474-8795-4A27-96AD-9C7908B5B4CC}
		{CDDB1CE9-9157-46CB-BEDC-FC25514300DB} = {782C997F-BBB3-424E-BBE6-F13524DE070D}
		{E74AA9EB-7FED-459C-AF38-CEFD4DE36F96} = {CDDB1CE9-9157-46CB-BEDC-FC25514300DB}
		{6129F594-B1D3-4F17-9E4A-C93836BFA0E7} = {2633F908-6510-4542-B1BF-AA31C7C2C867}
		{2704319E-6933-44F9-87C0-3C41158718D5} = {4BF754DE-249B-439D-AA7E-750E040E0E43}
		{735FCF9A-6A87-4A65-B671-D9F8AF4D93B8} = {2704319E-6933-44F9-87C0-3C41158718D5}
	EndGlobalSection
	GlobalSection(ExtensibilityGlobals) = postSolution
		SolutionGuid = {E22887F3-C1FF-4B64-A0C6-80C419100D13}
	EndGlobalSection
EndGlobal
